
Microsoft Visual Studio Solution File, Format Version 12.00
# Visual Studio Version 17
VisualStudioVersion = 17.6.33815.320
MinimumVisualStudioVersion = 10.0.40219.1
Project("{FAE04EC0-301F-11D3-BF4B-00C04F79EFBC}") = "ConsoleAppDisposableExample", "ConsoleAppDisposableExample\ConsoleAppDisposableExample.csproj", "{A943F771-C7FB-4BB6-B8F3-F3106D4697C1}"
EndProject
Global
	GlobalSection(SolutionConfigurationPlatforms) = preSolution
		Debug|Any CPU = Debug|Any CPU
		Release|Any CPU = Release|Any CPU
	EndGlobalSection
	GlobalSection(ProjectConfigurationPlatforms) = postSolution
		{A943F771-C7FB-4BB6-B8F3-F3106D4697C1}.Debug|Any CPU.ActiveCfg = Debug|Any CPU
		{A943F771-C7FB-4BB6-B8F3-F3106D4697C1}.Debug|Any CPU.Build.0 = Debug|Any CPU
		{A943F771-C7FB-4BB6-B8F3-F3106D4697C1}.Release|Any CPU.ActiveCfg = Release|Any CPU
		{A943F771-C7FB-4BB6-B8F3-F3106D4697C1}.Release|Any CPU.Build.0 = Release|Any CPU
	EndGlobalSection
	GlobalSection(SolutionProperties) = preSolution
		HideSolutionNode = FALSE
	EndGlobalSection
	GlobalSection(ExtensibilityGlobals) = postSolution
		SolutionGuid = {76170E00-49D2-4B85-B134-A93C4500B3B8}
	EndGlobalSection
EndGlobal
