
Microsoft Visual Studio Solution File, Format Version 12.00
# Visual Studio Version 17
VisualStudioVersion = 17.6.33815.320
MinimumVisualStudioVersion = 10.0.40219.1
Project("{FAE04EC0-301F-11D3-BF4B-00C04F79EFBC}") = "ConAppSimpleInterfaceEx", "ConAppSimpleInterfaceEx\ConAppSimpleInterfaceEx.csproj", "{8BC130B3-8632-4DDE-836D-DD38A2C17E45}"
EndProject
Global
	GlobalSection(SolutionConfigurationPlatforms) = preSolution
		Debug|Any CPU = Debug|Any CPU
		Release|Any CPU = Release|Any CPU
	EndGlobalSection
	GlobalSection(ProjectConfigurationPlatforms) = postSolution
		{8BC130B3-8632-4DDE-836D-DD38A2C17E45}.Debug|Any CPU.ActiveCfg = Debug|Any CPU
		{8BC130B3-8632-4DDE-836D-DD38A2C17E45}.Debug|Any CPU.Build.0 = Debug|Any CPU
		{8BC130B3-8632-4DDE-836D-DD38A2C17E45}.Release|Any CPU.ActiveCfg = Release|Any CPU
		{8BC130B3-8632-4DDE-836D-DD38A2C17E45}.Release|Any CPU.Build.0 = Release|Any CPU
	EndGlobalSection
	GlobalSection(SolutionProperties) = preSolution
		HideSolutionNode = FALSE
	EndGlobalSection
	GlobalSection(ExtensibilityGlobals) = postSolution
		SolutionGuid = {D2B7B08F-B0B8-471A-94B6-B423A4CB0E9A}
	EndGlobalSection
EndGlobal
